
Microsoft Visual Studio Solution File, Format Version 12.00
# Visual Studio 15
VisualStudioVersion = 15.0.28307.1738
MinimumVisualStudioVersion = 10.0.40219.1
Project("{FAE04EC0-301F-11D3-BF4B-00C04F79EFBC}") = "MVCproject", "MVCproject\MVCproject.csproj", "{E838AE7D-930A-4BB5-9774-F64E1DC46A5B}"
EndProject
Global
	GlobalSection(SolutionConfigurationPlatforms) = preSolution
		Debug|Any CPU = Debug|Any CPU
		Release|Any CPU = Release|Any CPU
	EndGlobalSection
	GlobalSection(ProjectConfigurationPlatforms) = postSolution
		{E838AE7D-930A-4BB5-9774-F64E1DC46A5B}.Debug|Any CPU.ActiveCfg = Debug|Any CPU
		{E838AE7D-930A-4BB5-9774-F64E1DC46A5B}.Debug|Any CPU.Build.0 = Debug|Any CPU
		{E838AE7D-930A-4BB5-9774-F64E1DC46A5B}.Release|Any CPU.ActiveCfg = Release|Any CPU
		{E838AE7D-930A-4BB5-9774-F64E1DC46A5B}.Release|Any CPU.Build.0 = Release|Any CPU
	EndGlobalSection
	GlobalSection(SolutionProperties) = preSolution
		HideSolutionNode = FALSE
	EndGlobalSection
	GlobalSection(ExtensibilityGlobals) = postSolution
		SolutionGuid = {CF72DD0F-6D24-4410-A5D7-FA0D400EE4E3}
	EndGlobalSection
EndGlobal
